
Microsoft Visual Studio Solution File, Format Version 12.00
# Visual Studio Version 16
VisualStudioVersion = 16.0.36602.28
MinimumVisualStudioVersion = 10.0.40219.1
Project("{FAE04EC0-301F-11D3-BF4B-00C04F79EFBC}") = "Git_Sample20260309", "Git_Sample20260309\Git_Sample20260309.csproj", "{F1DBD46D-AC73-4483-BAC5-0D4BD7D2EE19}"
EndProject
Global
	GlobalSection(SolutionConfigurationPlatforms) = preSolution
		Debug|Any CPU = Debug|Any CPU
		Release|Any CPU = Release|Any CPU
	EndGlobalSection
	GlobalSection(ProjectConfigurationPlatforms) = postSolution
		{F1DBD46D-AC73-4483-BAC5-0D4BD7D2EE19}.Debug|Any CPU.ActiveCfg = Debug|Any CPU
		{F1DBD46D-AC73-4483-BAC5-0D4BD7D2EE19}.Debug|Any CPU.Build.0 = Debug|Any CPU
		{F1DBD46D-AC73-4483-BAC5-0D4BD7D2EE19}.Release|Any CPU.ActiveCfg = Release|Any CPU
		{F1DBD46D-AC73-4483-BAC5-0D4BD7D2EE19}.Release|Any CPU.Build.0 = Release|Any CPU
	EndGlobalSection
	GlobalSection(SolutionProperties) = preSolution
		HideSolutionNode = FALSE
	EndGlobalSection
	GlobalSection(ExtensibilityGlobals) = postSolution
		SolutionGuid = {74D28ACC-265B-4916-90B0-918472ED48DF}
	EndGlobalSection
EndGlobal
